
Microsoft Visual Studio Solution File, Format Version 12.00
# Visual Studio Version 17
VisualStudioVersion = 17.6.33801.468
MinimumVisualStudioVersion = 10.0.40219.1
Project("{FAE04EC0-301F-11D3-BF4B-00C04F79EFBC}") = "Produto", "Produto\Produto.csproj", "{33D306D3-85FB-4CAE-9380-7154820D1761}"
EndProject
Global
	GlobalSection(SolutionConfigurationPlatforms) = preSolution
		Debug|Any CPU = Debug|Any CPU
		Release|Any CPU = Release|Any CPU
	EndGlobalSection
	GlobalSection(ProjectConfigurationPlatforms) = postSolution
		{33D306D3-85FB-4CAE-9380-7154820D1761}.Debug|Any CPU.ActiveCfg = Debug|Any CPU
		{33D306D3-85FB-4CAE-9380-7154820D1761}.Debug|Any CPU.Build.0 = Debug|Any CPU
		{33D306D3-85FB-4CAE-9380-7154820D1761}.Release|Any CPU.ActiveCfg = Release|Any CPU
		{33D306D3-85FB-4CAE-9380-7154820D1761}.Release|Any CPU.Build.0 = Release|Any CPU
	EndGlobalSection
	GlobalSection(SolutionProperties) = preSolution
		HideSolutionNode = FALSE
	EndGlobalSection
	GlobalSection(ExtensibilityGlobals) = postSolution
		SolutionGuid = {3F7B8855-1E14-4D1F-84C4-7134AF7419E8}
	EndGlobalSection
EndGlobal
