
Microsoft Visual Studio Solution File, Format Version 12.00
# Visual Studio Version 17
VisualStudioVersion = 17.6.33801.468
MinimumVisualStudioVersion = 10.0.40219.1
Project("{FAE04EC0-301F-11D3-BF4B-00C04F79EFBC}") = "SalesWebMvc", "SalesWebMvc\SalesWebMvc.csproj", "{2C8F0028-BE34-4562-9DB5-BFCFDD43CAF4}"
EndProject
Global
	GlobalSection(SolutionConfigurationPlatforms) = preSolution
		Debug|Any CPU = Debug|Any CPU
		Release|Any CPU = Release|Any CPU
	EndGlobalSection
	GlobalSection(ProjectConfigurationPlatforms) = postSolution
		{2C8F0028-BE34-4562-9DB5-BFCFDD43CAF4}.Debug|Any CPU.ActiveCfg = Debug|Any CPU
		{2C8F0028-BE34-4562-9DB5-BFCFDD43CAF4}.Debug|Any CPU.Build.0 = Debug|Any CPU
		{2C8F0028-BE34-4562-9DB5-BFCFDD43CAF4}.Release|Any CPU.ActiveCfg = Release|Any CPU
		{2C8F0028-BE34-4562-9DB5-BFCFDD43CAF4}.Release|Any CPU.Build.0 = Release|Any CPU
	EndGlobalSection
	GlobalSection(SolutionProperties) = preSolution
		HideSolutionNode = FALSE
	EndGlobalSection
	GlobalSection(ExtensibilityGlobals) = postSolution
		SolutionGuid = {586CD6D6-7098-43B4-A6D1-E8FF90722C6C}
	EndGlobalSection
EndGlobal
